
Microsoft Visual Studio Solution File, Format Version 12.00
# Visual Studio 15
VisualStudioVersion = 15.0.28307.421
MinimumVisualStudioVersion = 10.0.40219.1
Project("{FAE04EC0-301F-11D3-BF4B-00C04F79EFBC}") = "Umbraco", "..\Umbraco\Umbraco.csproj", "{81250D5C-5B3B-4A4D-BD22-08DF0119576A}"
EndProject
Global
	GlobalSection(SolutionConfigurationPlatforms) = preSolution
		Debug|Any CPU = Debug|Any CPU
		Release|Any CPU = Release|Any CPU
	EndGlobalSection
	GlobalSection(ProjectConfigurationPlatforms) = postSolution
		{81250D5C-5B3B-4A4D-BD22-08DF0119576A}.Debug|Any CPU.ActiveCfg = Debug|Any CPU
		{81250D5C-5B3B-4A4D-BD22-08DF0119576A}.Debug|Any CPU.Build.0 = Debug|Any CPU
		{81250D5C-5B3B-4A4D-BD22-08DF0119576A}.Release|Any CPU.ActiveCfg = Release|Any CPU
		{81250D5C-5B3B-4A4D-BD22-08DF0119576A}.Release|Any CPU.Build.0 = Release|Any CPU
	EndGlobalSection
	GlobalSection(SolutionProperties) = preSolution
		HideSolutionNode = FALSE
	EndGlobalSection
	GlobalSection(ExtensibilityGlobals) = postSolution
		SolutionGuid = {D1CFFB52-DC31-4A9C-9C1B-7E6F93ACA217}
	EndGlobalSection
EndGlobal
